
Microsoft Visual Studio Solution File, Format Version 12.00
# Visual Studio 2013
VisualStudioVersion = 12.0.21005.1
MinimumVisualStudioVersion = 10.0.40219.1
Project("{FAE04EC0-301F-11D3-BF4B-00C04F79EFBC}") = "BandObjectLib", "BandObjectLib\BandObjectLib.csproj", "{BDB3B670-A17B-483E-954C-52FC2B6FF9D3}"
EndProject
Project("{FAE04EC0-301F-11D3-BF4B-00C04F79EFBC}") = "CognizantIntelligentTestScripter", "SearchBar\CognizantIntelligentTestScripter.csproj", "{BBE8F43B-D982-4E03-883C-1B025CD9339F}"
EndProject
Project("{54435603-DBB4-11D2-8724-00A0C9A8B90C}") = "ToolbarInstaller", "ToolbarInstaller\ToolbarInstaller.vdproj", "{D51B739D-97E2-47AE-B5EB-AF1A1268D434}"
EndProject
Global
	GlobalSection(SolutionConfigurationPlatforms) = preSolution
		Debug|Any CPU = Debug|Any CPU
		Release|Any CPU = Release|Any CPU
	EndGlobalSection
	GlobalSection(ProjectConfigurationPlatforms) = postSolution
		{BDB3B670-A17B-483E-954C-52FC2B6FF9D3}.Debug|Any CPU.ActiveCfg = Debug|Any CPU
		{BDB3B670-A17B-483E-954C-52FC2B6FF9D3}.Debug|Any CPU.Build.0 = Debug|Any CPU
		{BDB3B670-A17B-483E-954C-52FC2B6FF9D3}.Release|Any CPU.ActiveCfg = Release|Any CPU
		{BDB3B670-A17B-483E-954C-52FC2B6FF9D3}.Release|Any CPU.Build.0 = Release|Any CPU
		{BBE8F43B-D982-4E03-883C-1B025CD9339F}.Debug|Any CPU.ActiveCfg = Debug|Any CPU
		{BBE8F43B-D982-4E03-883C-1B025CD9339F}.Debug|Any CPU.Build.0 = Debug|Any CPU
		{BBE8F43B-D982-4E03-883C-1B025CD9339F}.Release|Any CPU.ActiveCfg = Release|Any CPU
		{BBE8F43B-D982-4E03-883C-1B025CD9339F}.Release|Any CPU.Build.0 = Release|Any CPU
		{D51B739D-97E2-47AE-B5EB-AF1A1268D434}.Debug|Any CPU.ActiveCfg = Debug
		{D51B739D-97E2-47AE-B5EB-AF1A1268D434}.Debug|Any CPU.Build.0 = Debug
		{D51B739D-97E2-47AE-B5EB-AF1A1268D434}.Release|Any CPU.ActiveCfg = Release
		{D51B739D-97E2-47AE-B5EB-AF1A1268D434}.Release|Any CPU.Build.0 = Release
	EndGlobalSection
	GlobalSection(SolutionProperties) = preSolution
		HideSolutionNode = FALSE
	EndGlobalSection
EndGlobal
